
Microsoft Visual Studio Solution File, Format Version 12.00
# Visual Studio Version 17
VisualStudioVersion = 17.9.34723.18
MinimumVisualStudioVersion = 10.0.40219.1
Project("{FAE04EC0-301F-11D3-BF4B-00C04F79EFBC}") = "FactionManager", "FactionManager.csproj", "{57C33133-78EB-406C-BB63-CBAC96100058}"
EndProject
Global
	GlobalSection(SolutionConfigurationPlatforms) = preSolution
		1.3|Any CPU = 1.3|Any CPU
		1.4|Any CPU = 1.4|Any CPU
		1.5|Any CPU = 1.5|Any CPU
		Debug|Any CPU = Debug|Any CPU
		Release|Any CPU = Release|Any CPU
	EndGlobalSection
	GlobalSection(ProjectConfigurationPlatforms) = postSolution
		{57C33133-78EB-406C-BB63-CBAC96100058}.1.3|Any CPU.ActiveCfg = 1.3|Any CPU
		{57C33133-78EB-406C-BB63-CBAC96100058}.1.3|Any CPU.Build.0 = 1.3|Any CPU
		{57C33133-78EB-406C-BB63-CBAC96100058}.1.4|Any CPU.ActiveCfg = 1.4|Any CPU
		{57C33133-78EB-406C-BB63-CBAC96100058}.1.4|Any CPU.Build.0 = 1.4|Any CPU
		{57C33133-78EB-406C-BB63-CBAC96100058}.1.5|Any CPU.ActiveCfg = 1.5|Any CPU
		{57C33133-78EB-406C-BB63-CBAC96100058}.1.5|Any CPU.Build.0 = 1.5|Any CPU
		{57C33133-78EB-406C-BB63-CBAC96100058}.Debug|Any CPU.ActiveCfg = Debug|Any CPU
		{57C33133-78EB-406C-BB63-CBAC96100058}.Debug|Any CPU.Build.0 = Debug|Any CPU
		{57C33133-78EB-406C-BB63-CBAC96100058}.Release|Any CPU.ActiveCfg = 1.6|Any CPU
		{57C33133-78EB-406C-BB63-CBAC96100058}.Release|Any CPU.Build.0 = 1.6|Any CPU
	EndGlobalSection
	GlobalSection(SolutionProperties) = preSolution
		HideSolutionNode = FALSE
	EndGlobalSection
	GlobalSection(ExtensibilityGlobals) = postSolution
		SolutionGuid = {85E2CA1B-38E5-4DEB-BF11-A82FA29CE326}
	EndGlobalSection
EndGlobal
